
Microsoft Visual Studio Solution File, Format Version 12.00
# Visual Studio Version 17
VisualStudioVersion = 17.14.36203.30 d17.14
MinimumVisualStudioVersion = 10.0.40219.1
Project("{FAE04EC0-301F-11D3-BF4B-00C04F79EFBC}") = "RFIDattendanceSystem", "RFIDattendanceSystem\RFIDattendanceSystem.csproj", "{43DDE0C6-AFD9-4818-81CF-086E3C88192A}"
EndProject
Global
	GlobalSection(SolutionConfigurationPlatforms) = preSolution
		Debug|Any CPU = Debug|Any CPU
		Release|Any CPU = Release|Any CPU
	EndGlobalSection
	GlobalSection(ProjectConfigurationPlatforms) = postSolution
		{43DDE0C6-AFD9-4818-81CF-086E3C88192A}.Debug|Any CPU.ActiveCfg = Debug|Any CPU
		{43DDE0C6-AFD9-4818-81CF-086E3C88192A}.Debug|Any CPU.Build.0 = Debug|Any CPU
		{43DDE0C6-AFD9-4818-81CF-086E3C88192A}.Release|Any CPU.ActiveCfg = Release|Any CPU
		{43DDE0C6-AFD9-4818-81CF-086E3C88192A}.Release|Any CPU.Build.0 = Release|Any CPU
	EndGlobalSection
	GlobalSection(SolutionProperties) = preSolution
		HideSolutionNode = FALSE
	EndGlobalSection
	GlobalSection(ExtensibilityGlobals) = postSolution
		SolutionGuid = {D524B10C-354D-4302-93C4-7CE3C77D70D6}
	EndGlobalSection
EndGlobal
